// !$*UTF8*$!
{
	archiveVersion = 1;
	classes = {
	};
	objectVersion = 51;
	objects = {

/* Begin PBXBuildFile section */
		1FE86C5F9BBDBE1213B5D260 /* Pods_CountryFinder.framework in Frameworks */ = {isa = PBXBuildFile; fileRef = FD1B86F3D0039B00F31E9AEC /* Pods_CountryFinder.framework */; };
		61A02BC5848DA442342C4C9A /* Pods_CountryFinderTests.framework in Frameworks */ = {isa = PBXBuildFile; fileRef = C8C77E609E73399C16BAFB6B /* Pods_CountryFinderTests.framework */; };
		83610C1C2682389C00A84322 /* AppDelegate.swift in Sources */ = {isa = PBXBuildFile; fileRef = 83610C1B2682389C00A84322 /* AppDelegate.swift */; };
		83610C1E2682389C00A84322 /* SceneDelegate.swift in Sources */ = {isa = PBXBuildFile; fileRef = 83610C1D2682389C00A84322 /* SceneDelegate.swift */; };
		83610C202682389C00A84322 /* CountryListViewController.swift in Sources */ = {isa = PBXBuildFile; fileRef = 83610C1F2682389C00A84322 /* CountryListViewController.swift */; };
		83610C232682389C00A84322 /* Main.storyboard in Resources */ = {isa = PBXBuildFile; fileRef = 83610C212682389C00A84322 /* Main.storyboard */; };
		83610C262682389C00A84322 /* CountryFinder.xcdatamodeld in Sources */ = {isa = PBXBuildFile; fileRef = 83610C242682389C00A84322 /* CountryFinder.xcdatamodeld */; };
		83610C28268238A100A84322 /* Assets.xcassets in Resources */ = {isa = PBXBuildFile; fileRef = 83610C27268238A100A84322 /* Assets.xcassets */; };
		83610C2B268238A100A84322 /* LaunchScreen.storyboard in Resources */ = {isa = PBXBuildFile; fileRef = 83610C29268238A100A84322 /* LaunchScreen.storyboard */; };
		83610C36268238A100A84322 /* CountryFinderTests.swift in Sources */ = {isa = PBXBuildFile; fileRef = 83610C35268238A100A84322 /* CountryFinderTests.swift */; };
		83610C41268238A200A84322 /* CountryFinderUITests.swift in Sources */ = {isa = PBXBuildFile; fileRef = 83610C40268238A200A84322 /* CountryFinderUITests.swift */; };
		83610C5426829FE500A84322 /* CountryModel.swift in Sources */ = {isa = PBXBuildFile; fileRef = 83610C5326829FE500A84322 /* CountryModel.swift */; };
		83610C562682A05B00A84322 /* CountryListViewModel.swift in Sources */ = {isa = PBXBuildFile; fileRef = 83610C552682A05B00A84322 /* CountryListViewModel.swift */; };
		83610C652682AF9000A84322 /* config.plist in Resources */ = {isa = PBXBuildFile; fileRef = 83610C642682AF9000A84322 /* config.plist */; };
		83610C672682B41400A84322 /* MainConfiguration.swift in Sources */ = {isa = PBXBuildFile; fileRef = 83610C662682B41400A84322 /* MainConfiguration.swift */; };
		83610C6B26836BBB00A84322 /* NoRecordsFoundTableViewCell.swift in Sources */ = {isa = PBXBuildFile; fileRef = 83610C6A26836BBB00A84322 /* NoRecordsFoundTableViewCell.swift */; };
		83610C6D26836BE900A84322 /* NoRecordsFoundTableViewCell.xib in Resources */ = {isa = PBXBuildFile; fileRef = 83610C6C26836BE900A84322 /* NoRecordsFoundTableViewCell.xib */; };
		83610C702683820600A84322 /* ListHeaderView.swift in Sources */ = {isa = PBXBuildFile; fileRef = 83610C6F2683820600A84322 /* ListHeaderView.swift */; };
		83610C722683839A00A84322 /* CountryListTableViewCell.swift in Sources */ = {isa = PBXBuildFile; fileRef = 83610C712683839A00A84322 /* CountryListTableViewCell.swift */; };
		83610C74268383D000A84322 /* CountryListTableViewCell.xib in Resources */ = {isa = PBXBuildFile; fileRef = 83610C73268383D000A84322 /* CountryListTableViewCell.xib */; };
		83610C772683982100A84322 /* CountryListViewControllerSearchExtension.swift in Sources */ = {isa = PBXBuildFile; fileRef = 83610C762683982100A84322 /* CountryListViewControllerSearchExtension.swift */; };
		83610C7A268398D500A84322 /* CustomSearchBar.swift in Sources */ = {isa = PBXBuildFile; fileRef = 83610C79268398D500A84322 /* CustomSearchBar.swift */; };
		83610C7C26839BA600A84322 /* CountryDetailViewController.swift in Sources */ = {isa = PBXBuildFile; fileRef = 83610C7B26839BA600A84322 /* CountryDetailViewController.swift */; };
		83610C7E26839BB800A84322 /* CountryDetailViewController.xib in Resources */ = {isa = PBXBuildFile; fileRef = 83610C7D26839BB800A84322 /* CountryDetailViewController.xib */; };
		83610C8026839C4E00A84322 /* UIViewControllerExtension.swift in Sources */ = {isa = PBXBuildFile; fileRef = 83610C7F26839C4E00A84322 /* UIViewControllerExtension.swift */; };
		83610C8226839CCC00A84322 /* NSObjectExtension.swift in Sources */ = {isa = PBXBuildFile; fileRef = 83610C8126839CCC00A84322 /* NSObjectExtension.swift */; };
		B69A4919BBE329D1A9C33059 /* Pods_CountryFinder_CountryFinderUITests.framework in Frameworks */ = {isa = PBXBuildFile; fileRef = CC007CEC7E28CD1D94164FB8 /* Pods_CountryFinder_CountryFinderUITests.framework */; };
/* End PBXBuildFile section */

/* Begin PBXContainerItemProxy section */
		83610C32268238A100A84322 /* PBXContainerItemProxy */ = {
			isa = PBXContainerItemProxy;
			containerPortal = 83610C102682389C00A84322 /* Project object */;
			proxyType = 1;
			remoteGlobalIDString = 83610C172682389C00A84322;
			remoteInfo = CountryFinder;
		};
		83610C3D268238A200A84322 /* PBXContainerItemProxy */ = {
			isa = PBXContainerItemProxy;
			containerPortal = 83610C102682389C00A84322 /* Project object */;
			proxyType = 1;
			remoteGlobalIDString = 83610C172682389C00A84322;
			remoteInfo = CountryFinder;
		};
/* End PBXContainerItemProxy section */

/* Begin PBXFileReference section */
		00F939FD83CC82B5A5EB9051 /* Pods-CountryFinder.release.xcconfig */ = {isa = PBXFileReference; includeInIndex = 1; lastKnownFileType = text.xcconfig; name = "Pods-CountryFinder.release.xcconfig"; path = "Target Support Files/Pods-CountryFinder/Pods-CountryFinder.release.xcconfig"; sourceTree = "<group>"; };
		499FAE25A137481F1AE8ECE4 /* Pods-CountryFinder-CountryFinderUITests.release.xcconfig */ = {isa = PBXFileReference; includeInIndex = 1; lastKnownFileType = text.xcconfig; name = "Pods-CountryFinder-CountryFinderUITests.release.xcconfig"; path = "Target Support Files/Pods-CountryFinder-CountryFinderUITests/Pods-CountryFinder-CountryFinderUITests.release.xcconfig"; sourceTree = "<group>"; };
		7EF4CAF0B8E756FFBB44F7C4 /* Pods-CountryFinderTests.release.xcconfig */ = {isa = PBXFileReference; includeInIndex = 1; lastKnownFileType = text.xcconfig; name = "Pods-CountryFinderTests.release.xcconfig"; path = "Target Support Files/Pods-CountryFinderTests/Pods-CountryFinderTests.release.xcconfig"; sourceTree = "<group>"; };
		83610C182682389C00A84322 /* CountryFinder.app */ = {isa = PBXFileReference; explicitFileType = wrapper.application; includeInIndex = 0; path = CountryFinder.app; sourceTree = BUILT_PRODUCTS_DIR; };
		83610C1B2682389C00A84322 /* AppDelegate.swift */ = {isa = PBXFileReference; lastKnownFileType = sourcecode.swift; path = AppDelegate.swift; sourceTree = "<group>"; };
		83610C1D2682389C00A84322 /* SceneDelegate.swift */ = {isa = PBXFileReference; lastKnownFileType = sourcecode.swift; path = SceneDelegate.swift; sourceTree = "<group>"; };
		83610C1F2682389C00A84322 /* CountryListViewController.swift */ = {isa = PBXFileReference; lastKnownFileType = sourcecode.swift; path = CountryListViewController.swift; sourceTree = "<group>"; };
		83610C222682389C00A84322 /* Base */ = {isa = PBXFileReference; lastKnownFileType = file.storyboard; name = Base; path = Base.lproj/Main.storyboard; sourceTree = "<group>"; };
		83610C252682389C00A84322 /* CountryFinder.xcdatamodel */ = {isa = PBXFileReference; lastKnownFileType = wrapper.xcdatamodel; path = CountryFinder.xcdatamodel; sourceTree = "<group>"; };
		83610C27268238A100A84322 /* Assets.xcassets */ = {isa = PBXFileReference; lastKnownFileType = folder.assetcatalog; path = Assets.xcassets; sourceTree = "<group>"; };
		83610C2A268238A100A84322 /* Base */ = {isa = PBXFileReference; lastKnownFileType = file.storyboard; name = Base; path = Base.lproj/LaunchScreen.storyboard; sourceTree = "<group>"; };
		83610C2C268238A100A84322 /* Info.plist */ = {isa = PBXFileReference; lastKnownFileType = text.plist.xml; path = Info.plist; sourceTree = "<group>"; };
		83610C31268238A100A84322 /* CountryFinderTests.xctest */ = {isa = PBXFileReference; explicitFileType = wrapper.cfbundle; includeInIndex = 0; path = CountryFinderTests.xctest; sourceTree = BUILT_PRODUCTS_DIR; };
		83610C35268238A100A84322 /* CountryFinderTests.swift */ = {isa = PBXFileReference; lastKnownFileType = sourcecode.swift; path = CountryFinderTests.swift; sourceTree = "<group>"; };
		83610C37268238A100A84322 /* Info.plist */ = {isa = PBXFileReference; lastKnownFileType = text.plist.xml; path = Info.plist; sourceTree = "<group>"; };
		83610C3C268238A200A84322 /* CountryFinderUITests.xctest */ = {isa = PBXFileReference; explicitFileType = wrapper.cfbundle; includeInIndex = 0; path = CountryFinderUITests.xctest; sourceTree = BUILT_PRODUCTS_DIR; };
		83610C40268238A200A84322 /* CountryFinderUITests.swift */ = {isa = PBXFileReference; lastKnownFileType = sourcecode.swift; path = CountryFinderUITests.swift; sourceTree = "<group>"; };
		83610C42268238A200A84322 /* Info.plist */ = {isa = PBXFileReference; lastKnownFileType = text.plist.xml; path = Info.plist; sourceTree = "<group>"; };
		83610C5326829FE500A84322 /* CountryModel.swift */ = {isa = PBXFileReference; lastKnownFileType = sourcecode.swift; path = CountryModel.swift; sourceTree = "<group>"; };
		83610C552682A05B00A84322 /* CountryListViewModel.swift */ = {isa = PBXFileReference; lastKnownFileType = sourcecode.swift; path = CountryListViewModel.swift; sourceTree = "<group>"; };
		83610C642682AF9000A84322 /* config.plist */ = {isa = PBXFileReference; lastKnownFileType = text.plist.xml; path = config.plist; sourceTree = "<group>"; };
		83610C662682B41400A84322 /* MainConfiguration.swift */ = {isa = PBXFileReference; lastKnownFileType = sourcecode.swift; path = MainConfiguration.swift; sourceTree = "<group>"; };
		83610C6A26836BBB00A84322 /* NoRecordsFoundTableViewCell.swift */ = {isa = PBXFileReference; lastKnownFileType = sourcecode.swift; path = NoRecordsFoundTableViewCell.swift; sourceTree = "<group>"; };
		83610C6C26836BE900A84322 /* NoRecordsFoundTableViewCell.xib */ = {isa = PBXFileReference; lastKnownFileType = file.xib; path = NoRecordsFoundTableViewCell.xib; sourceTree = "<group>"; };
		83610C6F2683820600A84322 /* ListHeaderView.swift */ = {isa = PBXFileReference; lastKnownFileType = sourcecode.swift; path = ListHeaderView.swift; sourceTree = "<group>"; };
		83610C712683839A00A84322 /* CountryListTableViewCell.swift */ = {isa = PBXFileReference; lastKnownFileType = sourcecode.swift; path = CountryListTableViewCell.swift; sourceTree = "<group>"; };
		83610C73268383D000A84322 /* CountryListTableViewCell.xib */ = {isa = PBXFileReference; lastKnownFileType = file.xib; path = CountryListTableViewCell.xib; sourceTree = "<group>"; };
		83610C762683982100A84322 /* CountryListViewControllerSearchExtension.swift */ = {isa = PBXFileReference; lastKnownFileType = sourcecode.swift; path = CountryListViewControllerSearchExtension.swift; sourceTree = "<group>"; };
		83610C79268398D500A84322 /* CustomSearchBar.swift */ = {isa = PBXFileReference; lastKnownFileType = sourcecode.swift; path = CustomSearchBar.swift; sourceTree = "<group>"; };
		83610C7B26839BA600A84322 /* CountryDetailViewController.swift */ = {isa = PBXFileReference; lastKnownFileType = sourcecode.swift; path = CountryDetailViewController.swift; sourceTree = "<group>"; };
		83610C7D26839BB800A84322 /* CountryDetailViewController.xib */ = {isa = PBXFileReference; lastKnownFileType = file.xib; path = CountryDetailViewController.xib; sourceTree = "<group>"; };
		83610C7F26839C4E00A84322 /* UIViewControllerExtension.swift */ = {isa = PBXFileReference; lastKnownFileType = sourcecode.swift; path = UIViewControllerExtension.swift; sourceTree = "<group>"; };
		83610C8126839CCC00A84322 /* NSObjectExtension.swift */ = {isa = PBXFileReference; lastKnownFileType = sourcecode.swift; path = NSObjectExtension.swift; sourceTree = "<group>"; };
		863F3E79688F5B851C3FE839 /* Pods-CountryFinder.debug.xcconfig */ = {isa = PBXFileReference; includeInIndex = 1; lastKnownFileType = text.xcconfig; name = "Pods-CountryFinder.debug.xcconfig"; path = "Target Support Files/Pods-CountryFinder/Pods-CountryFinder.debug.xcconfig"; sourceTree = "<group>"; };
		98EF61AC5579E2305A948DB4 /* Pods-CountryFinder-CountryFinderUITests.debug.xcconfig */ = {isa = PBXFileReference; includeInIndex = 1; lastKnownFileType = text.xcconfig; name = "Pods-CountryFinder-CountryFinderUITests.debug.xcconfig"; path = "Target Support Files/Pods-CountryFinder-CountryFinderUITests/Pods-CountryFinder-CountryFinderUITests.debug.xcconfig"; sourceTree = "<group>"; };
		C8C77E609E73399C16BAFB6B /* Pods_CountryFinderTests.framework */ = {isa = PBXFileReference; explicitFileType = wrapper.framework; includeInIndex = 0; path = Pods_CountryFinderTests.framework; sourceTree = BUILT_PRODUCTS_DIR; };
		CC007CEC7E28CD1D94164FB8 /* Pods_CountryFinder_CountryFinderUITests.framework */ = {isa = PBXFileReference; explicitFileType = wrapper.framework; includeInIndex = 0; path = Pods_CountryFinder_CountryFinderUITests.framework; sourceTree = BUILT_PRODUCTS_DIR; };
		D7D85D2025355AA11B34D8DE /* Pods-CountryFinderTests.debug.xcconfig */ = {isa = PBXFileReference; includeInIndex = 1; lastKnownFileType = text.xcconfig; name = "Pods-CountryFinderTests.debug.xcconfig"; path = "Target Support Files/Pods-CountryFinderTests/Pods-CountryFinderTests.debug.xcconfig"; sourceTree = "<group>"; };
		FD1B86F3D0039B00F31E9AEC /* Pods_CountryFinder.framework */ = {isa = PBXFileReference; explicitFileType = wrapper.framework; includeInIndex = 0; path = Pods_CountryFinder.framework; sourceTree = BUILT_PRODUCTS_DIR; };
/* End PBXFileReference section */

/* Begin PBXFrameworksBuildPhase section */
		83610C152682389C00A84322 /* Frameworks */ = {
			isa = PBXFrameworksBuildPhase;
			buildActionMask = 2147483647;
			files = (
				1FE86C5F9BBDBE1213B5D260 /* Pods_CountryFinder.framework in Frameworks */,
			);
			runOnlyForDeploymentPostprocessing = 0;
		};
		83610C2E268238A100A84322 /* Frameworks */ = {
			isa = PBXFrameworksBuildPhase;
			buildActionMask = 2147483647;
			files = (
				61A02BC5848DA442342C4C9A /* Pods_CountryFinderTests.framework in Frameworks */,
			);
			runOnlyForDeploymentPostprocessing = 0;
		};
		83610C39268238A200A84322 /* Frameworks */ = {
			isa = PBXFrameworksBuildPhase;
			buildActionMask = 2147483647;
			files = (
				B69A4919BBE329D1A9C33059 /* Pods_CountryFinder_CountryFinderUITests.framework in Frameworks */,
			);
			runOnlyForDeploymentPostprocessing = 0;
		};
/* End PBXFrameworksBuildPhase section */

/* Begin PBXGroup section */
		1577ECABDDCF3CEE18BADEFB /* Pods */ = {
			isa = PBXGroup;
			children = (
				863F3E79688F5B851C3FE839 /* Pods-CountryFinder.debug.xcconfig */,
				00F939FD83CC82B5A5EB9051 /* Pods-CountryFinder.release.xcconfig */,
				98EF61AC5579E2305A948DB4 /* Pods-CountryFinder-CountryFinderUITests.debug.xcconfig */,
				499FAE25A137481F1AE8ECE4 /* Pods-CountryFinder-CountryFinderUITests.release.xcconfig */,
				D7D85D2025355AA11B34D8DE /* Pods-CountryFinderTests.debug.xcconfig */,
				7EF4CAF0B8E756FFBB44F7C4 /* Pods-CountryFinderTests.release.xcconfig */,
			);
			path = Pods;
			sourceTree = "<group>";
		};
		83610C0F2682389C00A84322 = {
			isa = PBXGroup;
			children = (
				83610C1A2682389C00A84322 /* CountryFinder */,
				83610C34268238A100A84322 /* CountryFinderTests */,
				83610C3F268238A200A84322 /* CountryFinderUITests */,
				83610C192682389C00A84322 /* Products */,
				1577ECABDDCF3CEE18BADEFB /* Pods */,
				FCCB23255CAA0102A186904D /* Frameworks */,
			);
			sourceTree = "<group>";
		};
		83610C192682389C00A84322 /* Products */ = {
			isa = PBXGroup;
			children = (
				83610C182682389C00A84322 /* CountryFinder.app */,
				83610C31268238A100A84322 /* CountryFinderTests.xctest */,
				83610C3C268238A200A84322 /* CountryFinderUITests.xctest */,
			);
			name = Products;
			sourceTree = "<group>";
		};
		83610C1A2682389C00A84322 /* CountryFinder */ = {
			isa = PBXGroup;
			children = (
				83610C78268398B600A84322 /* Utils */,
				83610C592682A28C00A84322 /* Config */,
				83610C50268239E700A84322 /* View */,
				83610C4E268239D900A84322 /* ViewModel */,
				83610C4F268239E100A84322 /* Model */,
				83610C5226823DAD00A84322 /* Extensions */,
				83610C5126823DA600A84322 /* Resources */,
				83610C1B2682389C00A84322 /* AppDelegate.swift */,
				83610C1D2682389C00A84322 /* SceneDelegate.swift */,
				83610C2C268238A100A84322 /* Info.plist */,
				83610C242682389C00A84322 /* CountryFinder.xcdatamodeld */,
			);
			path = CountryFinder;
			sourceTree = "<group>";
		};
		83610C34268238A100A84322 /* CountryFinderTests */ = {
			isa = PBXGroup;
			children = (
				83610C35268238A100A84322 /* CountryFinderTests.swift */,
				83610C37268238A100A84322 /* Info.plist */,
			);
			path = CountryFinderTests;
			sourceTree = "<group>";
		};
		83610C3F268238A200A84322 /* CountryFinderUITests */ = {
			isa = PBXGroup;
			children = (
				83610C40268238A200A84322 /* CountryFinderUITests.swift */,
				83610C42268238A200A84322 /* Info.plist */,
			);
			path = CountryFinderUITests;
			sourceTree = "<group>";
		};
		83610C4E268239D900A84322 /* ViewModel */ = {
			isa = PBXGroup;
			children = (
				83610C552682A05B00A84322 /* CountryListViewModel.swift */,
			);
			path = ViewModel;
			sourceTree = "<group>";
		};
		83610C4F268239E100A84322 /* Model */ = {
			isa = PBXGroup;
			children = (
				83610C5326829FE500A84322 /* CountryModel.swift */,
			);
			path = Model;
			sourceTree = "<group>";
		};
		83610C50268239E700A84322 /* View */ = {
			isa = PBXGroup;
			children = (
				83610C692682E84C00A84322 /* Detail */,
				83610C682682E84300A84322 /* List */,
				83610C29268238A100A84322 /* LaunchScreen.storyboard */,
			);
			path = View;
			sourceTree = "<group>";
		};
		83610C5126823DA600A84322 /* Resources */ = {
			isa = PBXGroup;
			children = (
				83610C27268238A100A84322 /* Assets.xcassets */,
				83610C642682AF9000A84322 /* config.plist */,
			);
			path = Resources;
			sourceTree = "<group>";
		};
		83610C5226823DAD00A84322 /* Extensions */ = {
			isa = PBXGroup;
			children = (
				83610C7F26839C4E00A84322 /* UIViewControllerExtension.swift */,
				83610C8126839CCC00A84322 /* NSObjectExtension.swift */,
			);
			path = Extensions;
			sourceTree = "<group>";
		};
		83610C592682A28C00A84322 /* Config */ = {
			isa = PBXGroup;
			children = (
				83610C662682B41400A84322 /* MainConfiguration.swift */,
			);
			path = Config;
			sourceTree = "<group>";
		};
		83610C682682E84300A84322 /* List */ = {
			isa = PBXGroup;
			children = (
				83610C75268397ED00A84322 /* Search */,
				83610C212682389C00A84322 /* Main.storyboard */,
				83610C6C26836BE900A84322 /* NoRecordsFoundTableViewCell.xib */,
				83610C6A26836BBB00A84322 /* NoRecordsFoundTableViewCell.swift */,
				83610C712683839A00A84322 /* CountryListTableViewCell.swift */,
				83610C73268383D000A84322 /* CountryListTableViewCell.xib */,
				83610C1F2682389C00A84322 /* CountryListViewController.swift */,
			);
			path = List;
			sourceTree = "<group>";
		};
		83610C692682E84C00A84322 /* Detail */ = {
			isa = PBXGroup;
			children = (
				83610C7B26839BA600A84322 /* CountryDetailViewController.swift */,
				83610C7D26839BB800A84322 /* CountryDetailViewController.xib */,
			);
			path = Detail;
			sourceTree = "<group>";
		};
		83610C75268397ED00A84322 /* Search */ = {
			isa = PBXGroup;
			children = (
				83610C6F2683820600A84322 /* ListHeaderView.swift */,
				83610C79268398D500A84322 /* CustomSearchBar.swift */,
				83610C762683982100A84322 /* CountryListViewControllerSearchExtension.swift */,
			);
			path = Search;
			sourceTree = "<group>";
		};
		83610C78268398B600A84322 /* Utils */ = {
			isa = PBXGroup;
			children = (
			);
			path = Utils;
			sourceTree = "<group>";
		};
		FCCB23255CAA0102A186904D /* Frameworks */ = {
			isa = PBXGroup;
			children = (
				FD1B86F3D0039B00F31E9AEC /* Pods_CountryFinder.framework */,
				CC007CEC7E28CD1D94164FB8 /* Pods_CountryFinder_CountryFinderUITests.framework */,
				C8C77E609E73399C16BAFB6B /* Pods_CountryFinderTests.framework */,
			);
			name = Frameworks;
			sourceTree = "<group>";
		};
/* End PBXGroup section */

/* Begin PBXNativeTarget section */
		83610C172682389C00A84322 /* CountryFinder */ = {
			isa = PBXNativeTarget;
			buildConfigurationList = 83610C45268238A200A84322 /* Build configuration list for PBXNativeTarget "CountryFinder" */;
			buildPhases = (
				CD68560D8813EA422E5F516C /* [CP] Check Pods Manifest.lock */,
				83610C142682389C00A84322 /* Sources */,
				83610C152682389C00A84322 /* Frameworks */,
				83610C162682389C00A84322 /* Resources */,
				AC758E24CCAE50AA2D2ED209 /* [CP] Embed Pods Frameworks */,
			);
			buildRules = (
			);
			dependencies = (
			);
			name = CountryFinder;
			productName = CountryFinder;
			productReference = 83610C182682389C00A84322 /* CountryFinder.app */;
			productType = "com.apple.product-type.application";
		};
		83610C30268238A100A84322 /* CountryFinderTests */ = {
			isa = PBXNativeTarget;
			buildConfigurationList = 83610C48268238A200A84322 /* Build configuration list for PBXNativeTarget "CountryFinderTests" */;
			buildPhases = (
				47B5BA8507971755A56E5799 /* [CP] Check Pods Manifest.lock */,
				83610C2D268238A100A84322 /* Sources */,
				83610C2E268238A100A84322 /* Frameworks */,
				83610C2F268238A100A84322 /* Resources */,
			);
			buildRules = (
			);
			dependencies = (
				83610C33268238A100A84322 /* PBXTargetDependency */,
			);
			name = CountryFinderTests;
			productName = CountryFinderTests;
			productReference = 83610C31268238A100A84322 /* CountryFinderTests.xctest */;
			productType = "com.apple.product-type.bundle.unit-test";
		};
		83610C3B268238A200A84322 /* CountryFinderUITests */ = {
			isa = PBXNativeTarget;
			buildConfigurationList = 83610C4B268238A200A84322 /* Build configuration list for PBXNativeTarget "CountryFinderUITests" */;
			buildPhases = (
				1F2E1BB511F3D2BFDA6611D5 /* [CP] Check Pods Manifest.lock */,
				83610C38268238A200A84322 /* Sources */,
				83610C39268238A200A84322 /* Frameworks */,
				83610C3A268238A200A84322 /* Resources */,
				5A685175B4E06E880D60CA75 /* [CP] Embed Pods Frameworks */,
			);
			buildRules = (
			);
			dependencies = (
				83610C3E268238A200A84322 /* PBXTargetDependency */,
			);
			name = CountryFinderUITests;
			productName = CountryFinderUITests;
			productReference = 83610C3C268238A200A84322 /* CountryFinderUITests.xctest */;
			productType = "com.apple.product-type.bundle.ui-testing";
		};
/* End PBXNativeTarget section */

/* Begin PBXProject section */
		83610C102682389C00A84322 /* Project object */ = {
			isa = PBXProject;
			attributes = {
				LastSwiftUpdateCheck = 1250;
				LastUpgradeCheck = 1250;
				TargetAttributes = {
					83610C172682389C00A84322 = {
						CreatedOnToolsVersion = 12.5;
					};
					83610C30268238A100A84322 = {
						CreatedOnToolsVersion = 12.5;
						TestTargetID = 83610C172682389C00A84322;
					};
					83610C3B268238A200A84322 = {
						CreatedOnToolsVersion = 12.5;
						TestTargetID = 83610C172682389C00A84322;
					};
				};
			};
			buildConfigurationList = 83610C132682389C00A84322 /* Build configuration list for PBXProject "CountryFinder" */;
			compatibilityVersion = "Xcode 9.3";
			developmentRegion = en;
			hasScannedForEncodings = 0;
			knownRegions = (
				en,
				Base,
			);
			mainGroup = 83610C0F2682389C00A84322;
			productRefGroup = 83610C192682389C00A84322 /* Products */;
			projectDirPath = "";
			projectRoot = "";
			targets = (
				83610C172682389C00A84322 /* CountryFinder */,
				83610C30268238A100A84322 /* CountryFinderTests */,
				83610C3B268238A200A84322 /* CountryFinderUITests */,
			);
		};
/* End PBXProject section */

/* Begin PBXResourcesBuildPhase section */
		83610C162682389C00A84322 /* Resources */ = {
			isa = PBXResourcesBuildPhase;
			buildActionMask = 2147483647;
			files = (
				83610C652682AF9000A84322 /* config.plist in Resources */,
				83610C2B268238A100A84322 /* LaunchScreen.storyboard in Resources */,
				83610C28268238A100A84322 /* Assets.xcassets in Resources */,
				83610C7E26839BB800A84322 /* CountryDetailViewController.xib in Resources */,
				83610C232682389C00A84322 /* Main.storyboard in Resources */,
				83610C74268383D000A84322 /* CountryListTableViewCell.xib in Resources */,
				83610C6D26836BE900A84322 /* NoRecordsFoundTableViewCell.xib in Resources */,
			);
			runOnlyForDeploymentPostprocessing = 0;
		};
		83610C2F268238A100A84322 /* Resources */ = {
			isa = PBXResourcesBuildPhase;
			buildActionMask = 2147483647;
			files = (
			);
			runOnlyForDeploymentPostprocessing = 0;
		};
		83610C3A268238A200A84322 /* Resources */ = {
			isa = PBXResourcesBuildPhase;
			buildActionMask = 2147483647;
			files = (
			);
			runOnlyForDeploymentPostprocessing = 0;
		};
/* End PBXResourcesBuildPhase section */

/* Begin PBXShellScriptBuildPhase section */
		1F2E1BB511F3D2BFDA6611D5 /* [CP] Check Pods Manifest.lock */ = {
			isa = PBXShellScriptBuildPhase;
			buildActionMask = 2147483647;
			files = (
			);
			inputFileListPaths = (
			);
			inputPaths = (
				"${PODS_PODFILE_DIR_PATH}/Podfile.lock",
				"${PODS_ROOT}/Manifest.lock",
			);
			name = "[CP] Check Pods Manifest.lock";
			outputFileListPaths = (
			);
			outputPaths = (
				"$(DERIVED_FILE_DIR)/Pods-CountryFinder-CountryFinderUITests-checkManifestLockResult.txt",
			);
			runOnlyForDeploymentPostprocessing = 0;
			shellPath = /bin/sh;
			shellScript = "diff \"${PODS_PODFILE_DIR_PATH}/Podfile.lock\" \"${PODS_ROOT}/Manifest.lock\" > /dev/null\nif [ $? != 0 ] ; then\n    # print error to STDERR\n    echo \"error: The sandbox is not in sync with the Podfile.lock. Run 'pod install' or update your CocoaPods installation.\" >&2\n    exit 1\nfi\n# This output is used by Xcode 'outputs' to avoid re-running this script phase.\necho \"SUCCESS\" > \"${SCRIPT_OUTPUT_FILE_0}\"\n";
			showEnvVarsInLog = 0;
		};
		47B5BA8507971755A56E5799 /* [CP] Check Pods Manifest.lock */ = {
			isa = PBXShellScriptBuildPhase;
			buildActionMask = 2147483647;
			files = (
			);
			inputFileListPaths = (
			);
			inputPaths = (
				"${PODS_PODFILE_DIR_PATH}/Podfile.lock",
				"${PODS_ROOT}/Manifest.lock",
			);
			name = "[CP] Check Pods Manifest.lock";
			outputFileListPaths = (
			);
			outputPaths = (
				"$(DERIVED_FILE_DIR)/Pods-CountryFinderTests-checkManifestLockResult.txt",
			);
			runOnlyForDeploymentPostprocessing = 0;
			shellPath = /bin/sh;
			shellScript = "diff \"${PODS_PODFILE_DIR_PATH}/Podfile.lock\" \"${PODS_ROOT}/Manifest.lock\" > /dev/null\nif [ $? != 0 ] ; then\n    # print error to STDERR\n    echo \"error: The sandbox is not in sync with the Podfile.lock. Run 'pod install' or update your CocoaPods installation.\" >&2\n    exit 1\nfi\n# This output is used by Xcode 'outputs' to avoid re-running this script phase.\necho \"SUCCESS\" > \"${SCRIPT_OUTPUT_FILE_0}\"\n";
			showEnvVarsInLog = 0;
		};
		5A685175B4E06E880D60CA75 /* [CP] Embed Pods Frameworks */ = {
			isa = PBXShellScriptBuildPhase;
			buildActionMask = 2147483647;
			files = (
			);
			inputFileListPaths = (
				"${PODS_ROOT}/Target Support Files/Pods-CountryFinder-CountryFinderUITests/Pods-CountryFinder-CountryFinderUITests-frameworks-${CONFIGURATION}-input-files.xcfilelist",
			);
			name = "[CP] Embed Pods Frameworks";
			outputFileListPaths = (
				"${PODS_ROOT}/Target Support Files/Pods-CountryFinder-CountryFinderUITests/Pods-CountryFinder-CountryFinderUITests-frameworks-${CONFIGURATION}-output-files.xcfilelist",
			);
			runOnlyForDeploymentPostprocessing = 0;
			shellPath = /bin/sh;
			shellScript = "\"${PODS_ROOT}/Target Support Files/Pods-CountryFinder-CountryFinderUITests/Pods-CountryFinder-CountryFinderUITests-frameworks.sh\"\n";
			showEnvVarsInLog = 0;
		};
		AC758E24CCAE50AA2D2ED209 /* [CP] Embed Pods Frameworks */ = {
			isa = PBXShellScriptBuildPhase;
			buildActionMask = 2147483647;
			files = (
			);
			inputFileListPaths = (
				"${PODS_ROOT}/Target Support Files/Pods-CountryFinder/Pods-CountryFinder-frameworks-${CONFIGURATION}-input-files.xcfilelist",
			);
			name = "[CP] Embed Pods Frameworks";
			outputFileListPaths = (
				"${PODS_ROOT}/Target Support Files/Pods-CountryFinder/Pods-CountryFinder-frameworks-${CONFIGURATION}-output-files.xcfilelist",
			);
			runOnlyForDeploymentPostprocessing = 0;
			shellPath = /bin/sh;
			shellScript = "\"${PODS_ROOT}/Target Support Files/Pods-CountryFinder/Pods-CountryFinder-frameworks.sh\"\n";
			showEnvVarsInLog = 0;
		};
		CD68560D8813EA422E5F516C /* [CP] Check Pods Manifest.lock */ = {
			isa = PBXShellScriptBuildPhase;
			buildActionMask = 2147483647;
			files = (
			);
			inputFileListPaths = (
			);
			inputPaths = (
				"${PODS_PODFILE_DIR_PATH}/Podfile.lock",
				"${PODS_ROOT}/Manifest.lock",
			);
			name = "[CP] Check Pods Manifest.lock";
			outputFileListPaths = (
			);
			outputPaths = (
				"$(DERIVED_FILE_DIR)/Pods-CountryFinder-checkManifestLockResult.txt",
			);
			runOnlyForDeploymentPostprocessing = 0;
			shellPath = /bin/sh;
			shellScript = "diff \"${PODS_PODFILE_DIR_PATH}/Podfile.lock\" \"${PODS_ROOT}/Manifest.lock\" > /dev/null\nif [ $? != 0 ] ; then\n    # print error to STDERR\n    echo \"error: The sandbox is not in sync with the Podfile.lock. Run 'pod install' or update your CocoaPods installation.\" >&2\n    exit 1\nfi\n# This output is used by Xcode 'outputs' to avoid re-running this script phase.\necho \"SUCCESS\" > \"${SCRIPT_OUTPUT_FILE_0}\"\n";
			showEnvVarsInLog = 0;
		};
/* End PBXShellScriptBuildPhase section */

/* Begin PBXSourcesBuildPhase section */
		83610C142682389C00A84322 /* Sources */ = {
			isa = PBXSourcesBuildPhase;
			buildActionMask = 2147483647;
			files = (
				83610C722683839A00A84322 /* CountryListTableViewCell.swift in Sources */,
				83610C8226839CCC00A84322 /* NSObjectExtension.swift in Sources */,
				83610C772683982100A84322 /* CountryListViewControllerSearchExtension.swift in Sources */,
				83610C202682389C00A84322 /* CountryListViewController.swift in Sources */,
				83610C1C2682389C00A84322 /* AppDelegate.swift in Sources */,
				83610C702683820600A84322 /* ListHeaderView.swift in Sources */,
				83610C262682389C00A84322 /* CountryFinder.xcdatamodeld in Sources */,
				83610C562682A05B00A84322 /* CountryListViewModel.swift in Sources */,
				83610C672682B41400A84322 /* MainConfiguration.swift in Sources */,
				83610C7C26839BA600A84322 /* CountryDetailViewController.swift in Sources */,
				83610C1E2682389C00A84322 /* SceneDelegate.swift in Sources */,
				83610C6B26836BBB00A84322 /* NoRecordsFoundTableViewCell.swift in Sources */,
				83610C7A268398D500A84322 /* CustomSearchBar.swift in Sources */,
				83610C8026839C4E00A84322 /* UIViewControllerExtension.swift in Sources */,
				83610C5426829FE500A84322 /* CountryModel.swift in Sources */,
			);
			runOnlyForDeploymentPostprocessing = 0;
		};
		83610C2D268238A100A84322 /* Sources */ = {
			isa = PBXSourcesBuildPhase;
			buildActionMask = 2147483647;
			files = (
				83610C36268238A100A84322 /* CountryFinderTests.swift in Sources */,
			);
			runOnlyForDeploymentPostprocessing = 0;
		};
		83610C38268238A200A84322 /* Sources */ = {
			isa = PBXSourcesBuildPhase;
			buildActionMask = 2147483647;
			files = (
				83610C41268238A200A84322 /* CountryFinderUITests.swift in Sources */,
			);
			runOnlyForDeploymentPostprocessing = 0;
		};
/* End PBXSourcesBuildPhase section */

/* Begin PBXTargetDependency section */
		83610C33268238A100A84322 /* PBXTargetDependency */ = {
			isa = PBXTargetDependency;
			target = 83610C172682389C00A84322 /* CountryFinder */;
			targetProxy = 83610C32268238A100A84322 /* PBXContainerItemProxy */;
		};
		83610C3E268238A200A84322 /* PBXTargetDependency */ = {
			isa = PBXTargetDependency;
			target = 83610C172682389C00A84322 /* CountryFinder */;
			targetProxy = 83610C3D268238A200A84322 /* PBXContainerItemProxy */;
		};
/* End PBXTargetDependency section */

/* Begin PBXVariantGroup section */
		83610C212682389C00A84322 /* Main.storyboard */ = {
			isa = PBXVariantGroup;
			children = (
				83610C222682389C00A84322 /* Base */,
			);
			name = Main.storyboard;
			sourceTree = "<group>";
		};
		83610C29268238A100A84322 /* LaunchScreen.storyboard */ = {
			isa = PBXVariantGroup;
			children = (
				83610C2A268238A100A84322 /* Base */,
			);
			name = LaunchScreen.storyboard;
			sourceTree = "<group>";
		};
/* End PBXVariantGroup section */

/* Begin XCBuildConfiguration section */
		83610C43268238A200A84322 /* Debug */ = {
			isa = XCBuildConfiguration;
			buildSettings = {
				ALWAYS_SEARCH_USER_PATHS = NO;
				CLANG_ANALYZER_NONNULL = YES;
				CLANG_ANALYZER_NUMBER_OBJECT_CONVERSION = YES_AGGRESSIVE;
				CLANG_CXX_LANGUAGE_STANDARD = "gnu++14";
				CLANG_CXX_LIBRARY = "libc++";
				CLANG_ENABLE_MODULES = YES;
				CLANG_ENABLE_OBJC_ARC = YES;
				CLANG_ENABLE_OBJC_WEAK = YES;
				CLANG_WARN_BLOCK_CAPTURE_AUTORELEASING = YES;
				CLANG_WARN_BOOL_CONVERSION = YES;
				CLANG_WARN_COMMA = YES;
				CLANG_WARN_CONSTANT_CONVERSION = YES;
				CLANG_WARN_DEPRECATED_OBJC_IMPLEMENTATIONS = YES;
				CLANG_WARN_DIRECT_OBJC_ISA_USAGE = YES_ERROR;
				CLANG_WARN_DOCUMENTATION_COMMENTS = YES;
				CLANG_WARN_EMPTY_BODY = YES;
				CLANG_WARN_ENUM_CONVERSION = YES;
				CLANG_WARN_INFINITE_RECURSION = YES;
				CLANG_WARN_INT_CONVERSION = YES;
				CLANG_WARN_NON_LITERAL_NULL_CONVERSION = YES;
				CLANG_WARN_OBJC_IMPLICIT_RETAIN_SELF = YES;
				CLANG_WARN_OBJC_LITERAL_CONVERSION = YES;
				CLANG_WARN_OBJC_ROOT_CLASS = YES_ERROR;
				CLANG_WARN_QUOTED_INCLUDE_IN_FRAMEWORK_HEADER = YES;
				CLANG_WARN_RANGE_LOOP_ANALYSIS = YES;
				CLANG_WARN_STRICT_PROTOTYPES = YES;
				CLANG_WARN_SUSPICIOUS_MOVE = YES;
				CLANG_WARN_UNGUARDED_AVAILABILITY = YES_AGGRESSIVE;
				CLANG_WARN_UNREACHABLE_CODE = YES;
				CLANG_WARN__DUPLICATE_METHOD_MATCH = YES;
				COPY_PHASE_STRIP = NO;
				DEBUG_INFORMATION_FORMAT = dwarf;
				ENABLE_STRICT_OBJC_MSGSEND = YES;
				ENABLE_TESTABILITY = YES;
				GCC_C_LANGUAGE_STANDARD = gnu11;
				GCC_DYNAMIC_NO_PIC = NO;
				GCC_NO_COMMON_BLOCKS = YES;
				GCC_OPTIMIZATION_LEVEL = 0;
				GCC_PREPROCESSOR_DEFINITIONS = (
					"DEBUG=1",
					"$(inherited)",
				);
				GCC_WARN_64_TO_32_BIT_CONVERSION = YES;
				GCC_WARN_ABOUT_RETURN_TYPE = YES_ERROR;
				GCC_WARN_UNDECLARED_SELECTOR = YES;
				GCC_WARN_UNINITIALIZED_AUTOS = YES_AGGRESSIVE;
				GCC_WARN_UNUSED_FUNCTION = YES;
				GCC_WARN_UNUSED_VARIABLE = YES;
				IPHONEOS_DEPLOYMENT_TARGET = 13.0;
				MTL_ENABLE_DEBUG_INFO = INCLUDE_SOURCE;
				MTL_FAST_MATH = YES;
				ONLY_ACTIVE_ARCH = YES;
				SDKROOT = iphoneos;
				SWIFT_ACTIVE_COMPILATION_CONDITIONS = DEBUG;
				SWIFT_OPTIMIZATION_LEVEL = "-Onone";
			};
			name = Debug;
		};
		83610C44268238A200A84322 /* Release */ = {
			isa = XCBuildConfiguration;
			buildSettings = {
				ALWAYS_SEARCH_USER_PATHS = NO;
				CLANG_ANALYZER_NONNULL = YES;
				CLANG_ANALYZER_NUMBER_OBJECT_CONVERSION = YES_AGGRESSIVE;
				CLANG_CXX_LANGUAGE_STANDARD = "gnu++14";
				CLANG_CXX_LIBRARY = "libc++";
				CLANG_ENABLE_MODULES = YES;
				CLANG_ENABLE_OBJC_ARC = YES;
				CLANG_ENABLE_OBJC_WEAK = YES;
				CLANG_WARN_BLOCK_CAPTURE_AUTORELEASING = YES;
				CLANG_WARN_BOOL_CONVERSION = YES;
				CLANG_WARN_COMMA = YES;
				CLANG_WARN_CONSTANT_CONVERSION = YES;
				CLANG_WARN_DEPRECATED_OBJC_IMPLEMENTATIONS = YES;
				CLANG_WARN_DIRECT_OBJC_ISA_USAGE = YES_ERROR;
				CLANG_WARN_DOCUMENTATION_COMMENTS = YES;
				CLANG_WARN_EMPTY_BODY = YES;
				CLANG_WARN_ENUM_CONVERSION = YES;
				CLANG_WARN_INFINITE_RECURSION = YES;
				CLANG_WARN_INT_CONVERSION = YES;
				CLANG_WARN_NON_LITERAL_NULL_CONVERSION = YES;
				CLANG_WARN_OBJC_IMPLICIT_RETAIN_SELF = YES;
				CLANG_WARN_OBJC_LITERAL_CONVERSION = YES;
				CLANG_WARN_OBJC_ROOT_CLASS = YES_ERROR;
				CLANG_WARN_QUOTED_INCLUDE_IN_FRAMEWORK_HEADER = YES;
				CLANG_WARN_RANGE_LOOP_ANALYSIS = YES;
				CLANG_WARN_STRICT_PROTOTYPES = YES;
				CLANG_WARN_SUSPICIOUS_MOVE = YES;
				CLANG_WARN_UNGUARDED_AVAILABILITY = YES_AGGRESSIVE;
				CLANG_WARN_UNREACHABLE_CODE = YES;
				CLANG_WARN__DUPLICATE_METHOD_MATCH = YES;
				COPY_PHASE_STRIP = NO;
				DEBUG_INFORMATION_FORMAT = "dwarf-with-dsym";
				ENABLE_NS_ASSERTIONS = NO;
				ENABLE_STRICT_OBJC_MSGSEND = YES;
				GCC_C_LANGUAGE_STANDARD = gnu11;
				GCC_NO_COMMON_BLOCKS = YES;
				GCC_WARN_64_TO_32_BIT_CONVERSION = YES;
				GCC_WARN_ABOUT_RETURN_TYPE = YES_ERROR;
				GCC_WARN_UNDECLARED_SELECTOR = YES;
				GCC_WARN_UNINITIALIZED_AUTOS = YES_AGGRESSIVE;
				GCC_WARN_UNUSED_FUNCTION = YES;
				GCC_WARN_UNUSED_VARIABLE = YES;
				IPHONEOS_DEPLOYMENT_TARGET = 13.0;
				MTL_ENABLE_DEBUG_INFO = NO;
				MTL_FAST_MATH = YES;
				SDKROOT = iphoneos;
				SWIFT_COMPILATION_MODE = wholemodule;
				SWIFT_OPTIMIZATION_LEVEL = "-O";
				VALIDATE_PRODUCT = YES;
			};
			name = Release;
		};
		83610C46268238A200A84322 /* Debug */ = {
			isa = XCBuildConfiguration;
			baseConfigurationReference = 863F3E79688F5B851C3FE839 /* Pods-CountryFinder.debug.xcconfig */;
			buildSettings = {
				ASSETCATALOG_COMPILER_APPICON_NAME = AppIcon;
				ASSETCATALOG_COMPILER_GLOBAL_ACCENT_COLOR_NAME = AccentColor;
				CODE_SIGN_STYLE = Automatic;
				DEVELOPMENT_TEAM = 44558RF7PG;
				INFOPLIST_FILE = CountryFinder/Info.plist;
				IPHONEOS_DEPLOYMENT_TARGET = 13.0;
				LD_RUNPATH_SEARCH_PATHS = (
					"$(inherited)",
					"@executable_path/Frameworks",
				);
				PRODUCT_BUNDLE_IDENTIFIER = com.masquenegocios.CountryFinder;
				PRODUCT_NAME = "$(TARGET_NAME)";
				SWIFT_VERSION = 4.2;
				TARGETED_DEVICE_FAMILY = "1,2";
			};
			name = Debug;
		};
		83610C47268238A200A84322 /* Release */ = {
			isa = XCBuildConfiguration;
			baseConfigurationReference = 00F939FD83CC82B5A5EB9051 /* Pods-CountryFinder.release.xcconfig */;
			buildSettings = {
				ASSETCATALOG_COMPILER_APPICON_NAME = AppIcon;
				ASSETCATALOG_COMPILER_GLOBAL_ACCENT_COLOR_NAME = AccentColor;
				CODE_SIGN_STYLE = Automatic;
				DEVELOPMENT_TEAM = 44558RF7PG;
				INFOPLIST_FILE = CountryFinder/Info.plist;
				IPHONEOS_DEPLOYMENT_TARGET = 13.0;
				LD_RUNPATH_SEARCH_PATHS = (
					"$(inherited)",
					"@executable_path/Frameworks",
				);
				PRODUCT_BUNDLE_IDENTIFIER = com.masquenegocios.CountryFinder;
				PRODUCT_NAME = "$(TARGET_NAME)";
				SWIFT_VERSION = 4.2;
				TARGETED_DEVICE_FAMILY = "1,2";
			};
			name = Release;
		};
		83610C49268238A200A84322 /* Debug */ = {
			isa = XCBuildConfiguration;
			baseConfigurationReference = D7D85D2025355AA11B34D8DE /* Pods-CountryFinderTests.debug.xcconfig */;
			buildSettings = {
				ALWAYS_EMBED_SWIFT_STANDARD_LIBRARIES = YES;
				BUNDLE_LOADER = "$(TEST_HOST)";
				CODE_SIGN_STYLE = Automatic;
				DEVELOPMENT_TEAM = 44558RF7PG;
				INFOPLIST_FILE = CountryFinderTests/Info.plist;
				IPHONEOS_DEPLOYMENT_TARGET = 14.5;
				LD_RUNPATH_SEARCH_PATHS = (
					"$(inherited)",
					"@executable_path/Frameworks",
					"@loader_path/Frameworks",
				);
				PRODUCT_BUNDLE_IDENTIFIER = com.masquenegocios.CountryFinderTests;
				PRODUCT_NAME = "$(TARGET_NAME)";
				SWIFT_VERSION = 5.0;
				TARGETED_DEVICE_FAMILY = "1,2";
				TEST_HOST = "$(BUILT_PRODUCTS_DIR)/CountryFinder.app/CountryFinder";
			};
			name = Debug;
		};
		83610C4A268238A200A84322 /* Release */ = {
			isa = XCBuildConfiguration;
			baseConfigurationReference = 7EF4CAF0B8E756FFBB44F7C4 /* Pods-CountryFinderTests.release.xcconfig */;
			buildSettings = {
				ALWAYS_EMBED_SWIFT_STANDARD_LIBRARIES = YES;
				BUNDLE_LOADER = "$(TEST_HOST)";
				CODE_SIGN_STYLE = Automatic;
				DEVELOPMENT_TEAM = 44558RF7PG;
				INFOPLIST_FILE = CountryFinderTests/Info.plist;
				IPHONEOS_DEPLOYMENT_TARGET = 14.5;
				LD_RUNPATH_SEARCH_PATHS = (
					"$(inherited)",
					"@executable_path/Frameworks",
					"@loader_path/Frameworks",
				);
				PRODUCT_BUNDLE_IDENTIFIER = com.masquenegocios.CountryFinderTests;
				PRODUCT_NAME = "$(TARGET_NAME)";
				SWIFT_VERSION = 5.0;
				TARGETED_DEVICE_FAMILY = "1,2";
				TEST_HOST = "$(BUILT_PRODUCTS_DIR)/CountryFinder.app/CountryFinder";
			};
			name = Release;
		};
		83610C4C268238A200A84322 /* Debug */ = {
			isa = XCBuildConfiguration;
			baseConfigurationReference = 98EF61AC5579E2305A948DB4 /* Pods-CountryFinder-CountryFinderUITests.debug.xcconfig */;
			buildSettings = {
				ALWAYS_EMBED_SWIFT_STANDARD_LIBRARIES = YES;
				CODE_SIGN_STYLE = Automatic;
				DEVELOPMENT_TEAM = 44558RF7PG;
				INFOPLIST_FILE = CountryFinderUITests/Info.plist;
				LD_RUNPATH_SEARCH_PATHS = (
					"$(inherited)",
					"@executable_path/Frameworks",
					"@loader_path/Frameworks",
				);
				PRODUCT_BUNDLE_IDENTIFIER = com.masquenegocios.CountryFinderUITests;
				PRODUCT_NAME = "$(TARGET_NAME)";
				SWIFT_VERSION = 5.0;
				TARGETED_DEVICE_FAMILY = "1,2";
				TEST_TARGET_NAME = CountryFinder;
			};
			name = Debug;
		};
		83610C4D268238A200A84322 /* Release */ = {
			isa = XCBuildConfiguration;
			baseConfigurationReference = 499FAE25A137481F1AE8ECE4 /* Pods-CountryFinder-CountryFinderUITests.release.xcconfig */;
			buildSettings = {
				ALWAYS_EMBED_SWIFT_STANDARD_LIBRARIES = YES;
				CODE_SIGN_STYLE = Automatic;
				DEVELOPMENT_TEAM = 44558RF7PG;
				INFOPLIST_FILE = CountryFinderUITests/Info.plist;
				LD_RUNPATH_SEARCH_PATHS = (
					"$(inherited)",
					"@executable_path/Frameworks",
					"@loader_path/Frameworks",
				);
				PRODUCT_BUNDLE_IDENTIFIER = com.masquenegocios.CountryFinderUITests;
				PRODUCT_NAME = "$(TARGET_NAME)";
				SWIFT_VERSION = 5.0;
				TARGETED_DEVICE_FAMILY = "1,2";
				TEST_TARGET_NAME = CountryFinder;
			};
			name = Release;
		};
/* End XCBuildConfiguration section */

/* Begin XCConfigurationList section */
		83610C132682389C00A84322 /* Build configuration list for PBXProject "CountryFinder" */ = {
			isa = XCConfigurationList;
			buildConfigurations = (
				83610C43268238A200A84322 /* Debug */,
				83610C44268238A200A84322 /* Release */,
			);
			defaultConfigurationIsVisible = 0;
			defaultConfigurationName = Release;
		};
		83610C45268238A200A84322 /* Build configuration list for PBXNativeTarget "CountryFinder" */ = {
			isa = XCConfigurationList;
			buildConfigurations = (
				83610C46268238A200A84322 /* Debug */,
				83610C47268238A200A84322 /* Release */,
			);
			defaultConfigurationIsVisible = 0;
			defaultConfigurationName = Release;
		};
		83610C48268238A200A84322 /* Build configuration list for PBXNativeTarget "CountryFinderTests" */ = {
			isa = XCConfigurationList;
			buildConfigurations = (
				83610C49268238A200A84322 /* Debug */,
				83610C4A268238A200A84322 /* Release */,
			);
			defaultConfigurationIsVisible = 0;
			defaultConfigurationName = Release;
		};
		83610C4B268238A200A84322 /* Build configuration list for PBXNativeTarget "CountryFinderUITests" */ = {
			isa = XCConfigurationList;
			buildConfigurations = (
				83610C4C268238A200A84322 /* Debug */,
				83610C4D268238A200A84322 /* Release */,
			);
			defaultConfigurationIsVisible = 0;
			defaultConfigurationName = Release;
		};
/* End XCConfigurationList section */

/* Begin XCVersionGroup section */
		83610C242682389C00A84322 /* CountryFinder.xcdatamodeld */ = {
			isa = XCVersionGroup;
			children = (
				83610C252682389C00A84322 /* CountryFinder.xcdatamodel */,
			);
			currentVersion = 83610C252682389C00A84322 /* CountryFinder.xcdatamodel */;
			path = CountryFinder.xcdatamodeld;
			sourceTree = "<group>";
			versionGroupType = wrapper.xcdatamodel;
		};
/* End XCVersionGroup section */
	};
	rootObject = 83610C102682389C00A84322 /* Project object */;
}
